Microsoft Visual Studio Solution File, Format Version 12.00
# Visual Studio 15
Project("{8BC9CEB8-8B4A-11D0-8D11-00A0C91BC942}") = "ALL_BUILD", "ALL_BUILD.vcxproj", "{6FD8874F-DE1D-3F68-ADBF-0A79080B37C6}"
	ProjectSection(ProjectDependencies) = postProject
		{B3F4C7EB-9AE9-370E-B3E0-6705158292DC} = {B3F4C7EB-9AE9-370E-B3E0-6705158292DC}
		{404B3DE3-073B-3945-A76F-8D18D5E963A2} = {404B3DE3-073B-3945-A76F-8D18D5E963A2}
	EndProjectSection
EndProject
Project("{8BC9CEB8-8B4A-11D0-8D11-00A0C91BC942}") = "ZERO_CHECK", "ZERO_CHECK.vcxproj", "{B3F4C7EB-9AE9-370E-B3E0-6705158292DC}"
	ProjectSection(ProjectDependencies) = postProject
	EndProjectSection
EndProject
Project("{8BC9CEB8-8B4A-11D0-8D11-00A0C91BC942}") = "main", "src\main\main.vcxproj", "{404B3DE3-073B-3945-A76F-8D18D5E963A2}"
	ProjectSection(ProjectDependencies) = postProject
		{B3F4C7EB-9AE9-370E-B3E0-6705158292DC} = {B3F4C7EB-9AE9-370E-B3E0-6705158292DC}
	EndProjectSection
EndProject
Global
	GlobalSection(SolutionConfigurationPlatforms) = preSolution
		Debug|Win32 = Debug|Win32
		Release|Win32 = Release|Win32
		MinSizeRel|Win32 = MinSizeRel|Win32
		RelWithDebInfo|Win32 = RelWithDebInfo|Win32
	EndGlobalSection
	GlobalSection(ProjectConfigurationPlatforms) = postSolution
		{6FD8874F-DE1D-3F68-ADBF-0A79080B37C6}.Debug|Win32.ActiveCfg = Debug|Win32
		{6FD8874F-DE1D-3F68-ADBF-0A79080B37C6}.Release|Win32.ActiveCfg = Release|Win32
		{6FD8874F-DE1D-3F68-ADBF-0A79080B37C6}.MinSizeRel|Win32.ActiveCfg = MinSizeRel|Win32
		{6FD8874F-DE1D-3F68-ADBF-0A79080B37C6}.RelWithDebInfo|Win32.ActiveCfg = RelWithDebInfo|Win32
		{B3F4C7EB-9AE9-370E-B3E0-6705158292DC}.Debug|Win32.ActiveCfg = Debug|Win32
		{B3F4C7EB-9AE9-370E-B3E0-6705158292DC}.Debug|Win32.Build.0 = Debug|Win32
		{B3F4C7EB-9AE9-370E-B3E0-6705158292DC}.Release|Win32.ActiveCfg = Release|Win32
		{B3F4C7EB-9AE9-370E-B3E0-6705158292DC}.Release|Win32.Build.0 = Release|Win32
		{B3F4C7EB-9AE9-370E-B3E0-6705158292DC}.MinSizeRel|Win32.ActiveCfg = MinSizeRel|Win32
		{B3F4C7EB-9AE9-370E-B3E0-6705158292DC}.MinSizeRel|Win32.Build.0 = MinSizeRel|Win32
		{B3F4C7EB-9AE9-370E-B3E0-6705158292DC}.RelWithDebInfo|Win32.ActiveCfg = RelWithDebInfo|Win32
		{B3F4C7EB-9AE9-370E-B3E0-6705158292DC}.RelWithDebInfo|Win32.Build.0 = RelWithDebInfo|Win32
		{404B3DE3-073B-3945-A76F-8D18D5E963A2}.Debug|Win32.ActiveCfg = Debug|Win32
		{404B3DE3-073B-3945-A76F-8D18D5E963A2}.Debug|Win32.Build.0 = Debug|Win32
		{404B3DE3-073B-3945-A76F-8D18D5E963A2}.Release|Win32.ActiveCfg = Release|Win32
		{404B3DE3-073B-3945-A76F-8D18D5E963A2}.Release|Win32.Build.0 = Release|Win32
		{404B3DE3-073B-3945-A76F-8D18D5E963A2}.MinSizeRel|Win32.ActiveCfg = MinSizeRel|Win32
		{404B3DE3-073B-3945-A76F-8D18D5E963A2}.MinSizeRel|Win32.Build.0 = MinSizeRel|Win32
		{404B3DE3-073B-3945-A76F-8D18D5E963A2}.RelWithDebInfo|Win32.ActiveCfg = RelWithDebInfo|Win32
		{404B3DE3-073B-3945-A76F-8D18D5E963A2}.RelWithDebInfo|Win32.Build.0 = RelWithDebInfo|Win32
	EndGlobalSection
	GlobalSection(ExtensibilityGlobals) = postSolution
		SolutionGuid = {1B97AB09-9C7D-3FCE-BF4D-281DCBE80BBB}
	EndGlobalSection
	GlobalSection(ExtensibilityAddIns) = postSolution
	EndGlobalSection
EndGlobal
